
Microsoft Visual Studio Solution File, Format Version 12.00
# Visual Studio 2012
Project("{FAE04EC0-301F-11D3-BF4B-00C04F79EFBC}") = "DBConnection", "DBConnection\DBConnection.csproj", "{09BBE4DF-D502-4D0E-A3A7-DF1206DEA05B}"
EndProject
Global
	GlobalSection(SolutionConfigurationPlatforms) = preSolution
		Debug|Any CPU = Debug|Any CPU
		Release|Any CPU = Release|Any CPU
	EndGlobalSection
	GlobalSection(ProjectConfigurationPlatforms) = postSolution
		{09BBE4DF-D502-4D0E-A3A7-DF1206DEA05B}.Debug|Any CPU.ActiveCfg = Debug|Any CPU
		{09BBE4DF-D502-4D0E-A3A7-DF1206DEA05B}.Debug|Any CPU.Build.0 = Debug|Any CPU
		{09BBE4DF-D502-4D0E-A3A7-DF1206DEA05B}.Release|Any CPU.ActiveCfg = Release|Any CPU
		{09BBE4DF-D502-4D0E-A3A7-DF1206DEA05B}.Release|Any CPU.Build.0 = Release|Any CPU
	EndGlobalSection
EndGlobal
